// !$*UTF8*$!
{
	archiveVersion = 1;
	classes = {
	};
	objectVersion = 55;
	objects = {

/* Begin PBXBuildFile section */
		ADC39A3627F1E15800361CE8 /* AppDelegate.swift in Sources */ = {isa = PBXBuildFile; fileRef = ADC39A3527F1E15800361CE8 /* AppDelegate.swift */; };
		ADC39A3827F1E15800361CE8 /* GameScene.sks in Resources */ = {isa = PBXBuildFile; fileRef = ADC39A3727F1E15800361CE8 /* GameScene.sks */; };
		ADC39A3A27F1E15800361CE8 /* Actions.sks in Resources */ = {isa = PBXBuildFile; fileRef = ADC39A3927F1E15800361CE8 /* Actions.sks */; };
		ADC39A3C27F1E15800361CE8 /* GameScene.swift in Sources */ = {isa = PBXBuildFile; fileRef = ADC39A3B27F1E15800361CE8 /* GameScene.swift */; };
		ADC39A3E27F1E15800361CE8 /* GameViewController.swift in Sources */ = {isa = PBXBuildFile; fileRef = ADC39A3D27F1E15800361CE8 /* GameViewController.swift */; };
		ADC39A4127F1E15800361CE8 /* Main.storyboard in Resources */ = {isa = PBXBuildFile; fileRef = ADC39A3F27F1E15800361CE8 /* Main.storyboard */; };
		ADC39A4327F1E15900361CE8 /* Assets.xcassets in Resources */ = {isa = PBXBuildFile; fileRef = ADC39A4227F1E15900361CE8 /* Assets.xcassets */; };
		ADC39A4627F1E15900361CE8 /* LaunchScreen.storyboard in Resources */ = {isa = PBXBuildFile; fileRef = ADC39A4427F1E15900361CE8 /* LaunchScreen.storyboard */; };
		ADC39A5027F1E1B900361CE8 /* OnlineGame.swift in Sources */ = {isa = PBXBuildFile; fileRef = ADC39A4C27F1E1B900361CE8 /* OnlineGame.swift */; };
		ADC39A5127F1E1B900361CE8 /* NewGame.swift in Sources */ = {isa = PBXBuildFile; fileRef = ADC39A4D27F1E1B900361CE8 /* NewGame.swift */; };
		ADC39A5227F1E1B900361CE8 /* Instruction.swift in Sources */ = {isa = PBXBuildFile; fileRef = ADC39A4E27F1E1B900361CE8 /* Instruction.swift */; };
		ADC39A5327F1E1B900361CE8 /* NavigationManager.swift in Sources */ = {isa = PBXBuildFile; fileRef = ADC39A4F27F1E1B900361CE8 /* NavigationManager.swift */; };
/* End PBXBuildFile section */

/* Begin PBXFileReference section */
		ADC39A3227F1E15800361CE8 /* occultus.app */ = {isa = PBXFileReference; explicitFileType = wrapper.application; includeInIndex = 0; path = occultus.app; sourceTree = BUILT_PRODUCTS_DIR; };
		ADC39A3527F1E15800361CE8 /* AppDelegate.swift */ = {isa = PBXFileReference; lastKnownFileType = sourcecode.swift; path = AppDelegate.swift; sourceTree = "<group>"; };
		ADC39A3727F1E15800361CE8 /* GameScene.sks */ = {isa = PBXFileReference; lastKnownFileType = file.sks; path = GameScene.sks; sourceTree = "<group>"; };
		ADC39A3927F1E15800361CE8 /* Actions.sks */ = {isa = PBXFileReference; lastKnownFileType = file.sks; path = Actions.sks; sourceTree = "<group>"; };
		ADC39A3B27F1E15800361CE8 /* GameScene.swift */ = {isa = PBXFileReference; lastKnownFileType = sourcecode.swift; path = GameScene.swift; sourceTree = "<group>"; };
		ADC39A3D27F1E15800361CE8 /* GameViewController.swift */ = {isa = PBXFileReference; lastKnownFileType = sourcecode.swift; path = GameViewController.swift; sourceTree = "<group>"; };
		ADC39A4027F1E15800361CE8 /* Base */ = {isa = PBXFileReference; lastKnownFileType = file.storyboard; name = Base; path = Base.lproj/Main.storyboard; sourceTree = "<group>"; };
		ADC39A4227F1E15900361CE8 /* Assets.xcassets */ = {isa = PBXFileReference; lastKnownFileType = folder.assetcatalog; path = Assets.xcassets; sourceTree = "<group>"; };
		ADC39A4527F1E15900361CE8 /* Base */ = {isa = PBXFileReference; lastKnownFileType = file.storyboard; name = Base; path = Base.lproj/LaunchScreen.storyboard; sourceTree = "<group>"; };
		ADC39A4C27F1E1B900361CE8 /* OnlineGame.swift */ = {isa = PBXFileReference; fileEncoding = 4; lastKnownFileType = sourcecode.swift; path = OnlineGame.swift; sourceTree = "<group>"; };
		ADC39A4D27F1E1B900361CE8 /* NewGame.swift */ = {isa = PBXFileReference; fileEncoding = 4; lastKnownFileType = sourcecode.swift; path = NewGame.swift; sourceTree = "<group>"; };
		ADC39A4E27F1E1B900361CE8 /* Instruction.swift */ = {isa = PBXFileReference; fileEncoding = 4; lastKnownFileType = sourcecode.swift; path = Instruction.swift; sourceTree = "<group>"; };
		ADC39A4F27F1E1B900361CE8 /* NavigationManager.swift */ = {isa = PBXFileReference; fileEncoding = 4; lastKnownFileType = sourcecode.swift; path = NavigationManager.swift; sourceTree = "<group>"; };
/* End PBXFileReference section */

/* Begin PBXFrameworksBuildPhase section */
		ADC39A2F27F1E15800361CE8 /* Frameworks */ = {
			isa = PBXFrameworksBuildPhase;
			buildActionMask = 2147483647;
			files = (
			);
			runOnlyForDeploymentPostprocessing = 0;
		};
/* End PBXFrameworksBuildPhase section */

/* Begin PBXGroup section */
		ADC39A2927F1E15800361CE8 = {
			isa = PBXGroup;
			children = (
				ADC39A3427F1E15800361CE8 /* occultus */,
				ADC39A3327F1E15800361CE8 /* Products */,
			);
			sourceTree = "<group>";
		};
		ADC39A3327F1E15800361CE8 /* Products */ = {
			isa = PBXGroup;
			children = (
				ADC39A3227F1E15800361CE8 /* occultus.app */,
			);
			name = Products;
			sourceTree = "<group>";
		};
		ADC39A3427F1E15800361CE8 /* occultus */ = {
			isa = PBXGroup;
			children = (
				ADC39A3527F1E15800361CE8 /* AppDelegate.swift */,
				ADC39A3727F1E15800361CE8 /* GameScene.sks */,
				ADC39A3927F1E15800361CE8 /* Actions.sks */,
				ADC39A3B27F1E15800361CE8 /* GameScene.swift */,
				ADC39A3D27F1E15800361CE8 /* GameViewController.swift */,
				ADC39A3F27F1E15800361CE8 /* Main.storyboard */,
				ADC39A4227F1E15900361CE8 /* Assets.xcassets */,
				ADC39A4427F1E15900361CE8 /* LaunchScreen.storyboard */,
				ADC39A4E27F1E1B900361CE8 /* Instruction.swift */,
				ADC39A4F27F1E1B900361CE8 /* NavigationManager.swift */,
				ADC39A4D27F1E1B900361CE8 /* NewGame.swift */,
				ADC39A4C27F1E1B900361CE8 /* OnlineGame.swift */,
			);
			path = occultus;
			sourceTree = "<group>";
		};
/* End PBXGroup section */

/* Begin PBXNativeTarget section */
		ADC39A3127F1E15800361CE8 /* occultus */ = {
			isa = PBXNativeTarget;
			buildConfigurationList = ADC39A4927F1E15900361CE8 /* Build configuration list for PBXNativeTarget "occultus" */;
			buildPhases = (
				ADC39A2E27F1E15800361CE8 /* Sources */,
				ADC39A2F27F1E15800361CE8 /* Frameworks */,
				ADC39A3027F1E15800361CE8 /* Resources */,
			);
			buildRules = (
			);
			dependencies = (
			);
			name = occultus;
			productName = occultus;
			productReference = ADC39A3227F1E15800361CE8 /* occultus.app */;
			productType = "com.apple.product-type.application";
		};
/* End PBXNativeTarget section */

/* Begin PBXProject section */
		ADC39A2A27F1E15800361CE8 /* Project object */ = {
			isa = PBXProject;
			attributes = {
				BuildIndependentTargetsInParallel = 1;
				LastSwiftUpdateCheck = 1320;
				LastUpgradeCheck = 1320;
				TargetAttributes = {
					ADC39A3127F1E15800361CE8 = {
						CreatedOnToolsVersion = 13.2.1;
					};
				};
			};
			buildConfigurationList = ADC39A2D27F1E15800361CE8 /* Build configuration list for PBXProject "occultus" */;
			compatibilityVersion = "Xcode 13.0";
			developmentRegion = en;
			hasScannedForEncodings = 0;
			knownRegions = (
				en,
				Base,
			);
			mainGroup = ADC39A2927F1E15800361CE8;
			productRefGroup = ADC39A3327F1E15800361CE8 /* Products */;
			projectDirPath = "";
			projectRoot = "";
			targets = (
				ADC39A3127F1E15800361CE8 /* occultus */,
			);
		};
/* End PBXProject section */

/* Begin PBXResourcesBuildPhase section */
		ADC39A3027F1E15800361CE8 /* Resources */ = {
			isa = PBXResourcesBuildPhase;
			buildActionMask = 2147483647;
			files = (
				ADC39A4127F1E15800361CE8 /* Main.storyboard in Resources */,
				ADC39A3827F1E15800361CE8 /* GameScene.sks in Resources */,
				ADC39A4327F1E15900361CE8 /* Assets.xcassets in Resources */,
				ADC39A4627F1E15900361CE8 /* LaunchScreen.storyboard in Resources */,
				ADC39A3A27F1E15800361CE8 /* Actions.sks in Resources */,
			);
			runOnlyForDeploymentPostprocessing = 0;
		};
/* End PBXResourcesBuildPhase section */

/* Begin PBXSourcesBuildPhase section */
		ADC39A2E27F1E15800361CE8 /* Sources */ = {
			isa = PBXSourcesBuildPhase;
			buildActionMask = 2147483647;
			files = (
				ADC39A5227F1E1B900361CE8 /* Instruction.swift in Sources */,
				ADC39A3C27F1E15800361CE8 /* GameScene.swift in Sources */,
				ADC39A5327F1E1B900361CE8 /* NavigationManager.swift in Sources */,
				ADC39A3E27F1E15800361CE8 /* GameViewController.swift in Sources */,
				ADC39A5127F1E1B900361CE8 /* NewGame.swift in Sources */,
				ADC39A5027F1E1B900361CE8 /* OnlineGame.swift in Sources */,
				ADC39A3627F1E15800361CE8 /* AppDelegate.swift in Sources */,
			);
			runOnlyForDeploymentPostprocessing = 0;
		};
/* End PBXSourcesBuildPhase section */

/* Begin PBXVariantGroup section */
		ADC39A3F27F1E15800361CE8 /* Main.storyboard */ = {
			isa = PBXVariantGroup;
			children = (
				ADC39A4027F1E15800361CE8 /* Base */,
			);
			name = Main.storyboard;
			sourceTree = "<group>";
		};
		ADC39A4427F1E15900361CE8 /* LaunchScreen.storyboard */ = {
			isa = PBXVariantGroup;
			children = (
				ADC39A4527F1E15900361CE8 /* Base */,
			);
			name = LaunchScreen.storyboard;
			sourceTree = "<group>";
		};
/* End PBXVariantGroup section */

/* Begin XCBuildConfiguration section */
		ADC39A4727F1E15900361CE8 /* Debug */ = {
			isa = XCBuildConfiguration;
			buildSettings = {
				ALWAYS_SEARCH_USER_PATHS = NO;
				CLANG_ANALYZER_NONNULL = YES;
				CLANG_ANALYZER_NUMBER_OBJECT_CONVERSION = YES_AGGRESSIVE;
				CLANG_CXX_LANGUAGE_STANDARD = "gnu++17";
				CLANG_CXX_LIBRARY = "libc++";
				CLANG_ENABLE_MODULES = YES;
				CLANG_ENABLE_OBJC_ARC = YES;
				CLANG_ENABLE_OBJC_WEAK = YES;
				CLANG_WARN_BLOCK_CAPTURE_AUTORELEASING = YES;
				CLANG_WARN_BOOL_CONVERSION = YES;
				CLANG_WARN_COMMA = YES;
				CLANG_WARN_CONSTANT_CONVERSION = YES;
				CLANG_WARN_DEPRECATED_OBJC_IMPLEMENTATIONS = YES;
				CLANG_WARN_DIRECT_OBJC_ISA_USAGE = YES_ERROR;
				CLANG_WARN_DOCUMENTATION_COMMENTS = YES;
				CLANG_WARN_EMPTY_BODY = YES;
				CLANG_WARN_ENUM_CONVERSION = YES;
				CLANG_WARN_INFINITE_RECURSION = YES;
				CLANG_WARN_INT_CONVERSION = YES;
				CLANG_WARN_NON_LITERAL_NULL_CONVERSION = YES;
				CLANG_WARN_OBJC_IMPLICIT_RETAIN_SELF = YES;
				CLANG_WARN_OBJC_LITERAL_CONVERSION = YES;
				CLANG_WARN_OBJC_ROOT_CLASS = YES_ERROR;
				CLANG_WARN_QUOTED_INCLUDE_IN_FRAMEWORK_HEADER = YES;
				CLANG_WARN_RANGE_LOOP_ANALYSIS = YES;
				CLANG_WARN_STRICT_PROTOTYPES = YES;
				CLANG_WARN_SUSPICIOUS_MOVE = YES;
				CLANG_WARN_UNGUARDED_AVAILABILITY = YES_AGGRESSIVE;
				CLANG_WARN_UNREACHABLE_CODE = YES;
				CLANG_WARN__DUPLICATE_METHOD_MATCH = YES;
				COPY_PHASE_STRIP = NO;
				DEBUG_INFORMATION_FORMAT = dwarf;
				ENABLE_STRICT_OBJC_MSGSEND = YES;
				ENABLE_TESTABILITY = YES;
				GCC_C_LANGUAGE_STANDARD = gnu11;
				GCC_DYNAMIC_NO_PIC = NO;
				GCC_NO_COMMON_BLOCKS = YES;
				GCC_OPTIMIZATION_LEVEL = 0;
				GCC_PREPROCESSOR_DEFINITIONS = (
					"DEBUG=1",
					"$(inherited)",
				);
				GCC_WARN_64_TO_32_BIT_CONVERSION = YES;
				GCC_WARN_ABOUT_RETURN_TYPE = YES_ERROR;
				GCC_WARN_UNDECLARED_SELECTOR = YES;
				GCC_WARN_UNINITIALIZED_AUTOS = YES_AGGRESSIVE;
				GCC_WARN_UNUSED_FUNCTION = YES;
				GCC_WARN_UNUSED_VARIABLE = YES;
				IPHONEOS_DEPLOYMENT_TARGET = 15.2;
				MTL_ENABLE_DEBUG_INFO = INCLUDE_SOURCE;
				MTL_FAST_MATH = YES;
				ONLY_ACTIVE_ARCH = YES;
				SDKROOT = iphoneos;
				SWIFT_ACTIVE_COMPILATION_CONDITIONS = DEBUG;
				SWIFT_OPTIMIZATION_LEVEL = "-Onone";
			};
			name = Debug;
		};
		ADC39A4827F1E15900361CE8 /* Release */ = {
			isa = XCBuildConfiguration;
			buildSettings = {
				ALWAYS_SEARCH_USER_PATHS = NO;
				CLANG_ANALYZER_NONNULL = YES;
				CLANG_ANALYZER_NUMBER_OBJECT_CONVERSION = YES_AGGRESSIVE;
				CLANG_CXX_LANGUAGE_STANDARD = "gnu++17";
				CLANG_CXX_LIBRARY = "libc++";
				CLANG_ENABLE_MODULES = YES;
				CLANG_ENABLE_OBJC_ARC = YES;
				CLANG_ENABLE_OBJC_WEAK = YES;
				CLANG_WARN_BLOCK_CAPTURE_AUTORELEASING = YES;
				CLANG_WARN_BOOL_CONVERSION = YES;
				CLANG_WARN_COMMA = YES;
				CLANG_WARN_CONSTANT_CONVERSION = YES;
				CLANG_WARN_DEPRECATED_OBJC_IMPLEMENTATIONS = YES;
				CLANG_WARN_DIRECT_OBJC_ISA_USAGE = YES_ERROR;
				CLANG_WARN_DOCUMENTATION_COMMENTS = YES;
				CLANG_WARN_EMPTY_BODY = YES;
				CLANG_WARN_ENUM_CONVERSION = YES;
				CLANG_WARN_INFINITE_RECURSION = YES;
				CLANG_WARN_INT_CONVERSION = YES;
				CLANG_WARN_NON_LITERAL_NULL_CONVERSION = YES;
				CLANG_WARN_OBJC_IMPLICIT_RETAIN_SELF = YES;
				CLANG_WARN_OBJC_LITERAL_CONVERSION = YES;
				CLANG_WARN_OBJC_ROOT_CLASS = YES_ERROR;
				CLANG_WARN_QUOTED_INCLUDE_IN_FRAMEWORK_HEADER = YES;
				CLANG_WARN_RANGE_LOOP_ANALYSIS = YES;
				CLANG_WARN_STRICT_PROTOTYPES = YES;
				CLANG_WARN_SUSPICIOUS_MOVE = YES;
				CLANG_WARN_UNGUARDED_AVAILABILITY = YES_AGGRESSIVE;
				CLANG_WARN_UNREACHABLE_CODE = YES;
				CLANG_WARN__DUPLICATE_METHOD_MATCH = YES;
				COPY_PHASE_STRIP = NO;
				DEBUG_INFORMATION_FORMAT = "dwarf-with-dsym";
				ENABLE_NS_ASSERTIONS = NO;
				ENABLE_STRICT_OBJC_MSGSEND = YES;
				GCC_C_LANGUAGE_STANDARD = gnu11;
				GCC_NO_COMMON_BLOCKS = YES;
				GCC_WARN_64_TO_32_BIT_CONVERSION = YES;
				GCC_WARN_ABOUT_RETURN_TYPE = YES_ERROR;
				GCC_WARN_UNDECLARED_SELECTOR = YES;
				GCC_WARN_UNINITIALIZED_AUTOS = YES_AGGRESSIVE;
				GCC_WARN_UNUSED_FUNCTION = YES;
				GCC_WARN_UNUSED_VARIABLE = YES;
				IPHONEOS_DEPLOYMENT_TARGET = 15.2;
				MTL_ENABLE_DEBUG_INFO = NO;
				MTL_FAST_MATH = YES;
				SDKROOT = iphoneos;
				SWIFT_COMPILATION_MODE = wholemodule;
				SWIFT_OPTIMIZATION_LEVEL = "-O";
				VALIDATE_PRODUCT = YES;
			};
			name = Release;
		};
		ADC39A4A27F1E15900361CE8 /* Debug */ = {
			isa = XCBuildConfiguration;
			buildSettings = {
				ASSETCATALOG_COMPILER_APPICON_NAME = AppIcon;
				ASSETCATALOG_COMPILER_GLOBAL_ACCENT_COLOR_NAME = AccentColor;
				CODE_SIGN_STYLE = Automatic;
				CURRENT_PROJECT_VERSION = 1;
				DEVELOPMENT_TEAM = 628JRQ27N5;
				GENERATE_INFOPLIST_FILE = YES;
				INFOPLIST_KEY_UIApplicationSupportsIndirectInputEvents = YES;
				INFOPLIST_KEY_UILaunchStoryboardName = LaunchScreen;
				INFOPLIST_KEY_UIMainStoryboardFile = Main;
				INFOPLIST_KEY_UIStatusBarHidden = YES;
				INFOPLIST_KEY_UISupportedInterfaceOrientations_iPad = "UIInterfaceOrientationPortrait UIInterfaceOrientationPortraitUpsideDown UIInterfaceOrientationLandscapeLeft UIInterfaceOrientationLandscapeRight";
				INFOPLIST_KEY_UISupportedInterfaceOrientations_iPhone = "UIInterfaceOrientationPortrait UIInterfaceOrientationLandscapeLeft UIInterfaceOrientationLandscapeRight";
				LD_RUNPATH_SEARCH_PATHS = (
					"$(inherited)",
					"@executable_path/Frameworks",
				);
				MARKETING_VERSION = 1.0;
				PRODUCT_BUNDLE_IDENTIFIER = game.occultus;
				PRODUCT_NAME = "$(TARGET_NAME)";
				SWIFT_EMIT_LOC_STRINGS = YES;
				SWIFT_VERSION = 5.0;
				TARGETED_DEVICE_FAMILY = "1,2";
			};
			name = Debug;
		};
		ADC39A4B27F1E15900361CE8 /* Release */ = {
			isa = XCBuildConfiguration;
			buildSettings = {
				ASSETCATALOG_COMPILER_APPICON_NAME = AppIcon;
				ASSETCATALOG_COMPILER_GLOBAL_ACCENT_COLOR_NAME = AccentColor;
				CODE_SIGN_STYLE = Automatic;
				CURRENT_PROJECT_VERSION = 1;
				DEVELOPMENT_TEAM = 628JRQ27N5;
				GENERATE_INFOPLIST_FILE = YES;
				INFOPLIST_KEY_UIApplicationSupportsIndirectInputEvents = YES;
				INFOPLIST_KEY_UILaunchStoryboardName = LaunchScreen;
				INFOPLIST_KEY_UIMainStoryboardFile = Main;
				INFOPLIST_KEY_UIStatusBarHidden = YES;
				INFOPLIST_KEY_UISupportedInterfaceOrientations_iPad = "UIInterfaceOrientationPortrait UIInterfaceOrientationPortraitUpsideDown UIInterfaceOrientationLandscapeLeft UIInterfaceOrientationLandscapeRight";
				INFOPLIST_KEY_UISupportedInterfaceOrientations_iPhone = "UIInterfaceOrientationPortrait UIInterfaceOrientationLandscapeLeft UIInterfaceOrientationLandscapeRight";
				LD_RUNPATH_SEARCH_PATHS = (
					"$(inherited)",
					"@executable_path/Frameworks",
				);
				MARKETING_VERSION = 1.0;
				PRODUCT_BUNDLE_IDENTIFIER = game.occultus;
				PRODUCT_NAME = "$(TARGET_NAME)";
				SWIFT_EMIT_LOC_STRINGS = YES;
				SWIFT_VERSION = 5.0;
				TARGETED_DEVICE_FAMILY = "1,2";
			};
			name = Release;
		};
/* End XCBuildConfiguration section */

/* Begin XCConfigurationList section */
		ADC39A2D27F1E15800361CE8 /* Build configuration list for PBXProject "occultus" */ = {
			isa = XCConfigurationList;
			buildConfigurations = (
				ADC39A4727F1E15900361CE8 /* Debug */,
				ADC39A4827F1E15900361CE8 /* Release */,
			);
			defaultConfigurationIsVisible = 0;
			defaultConfigurationName = Release;
		};
		ADC39A4927F1E15900361CE8 /* Build configuration list for PBXNativeTarget "occultus" */ = {
			isa = XCConfigurationList;
			buildConfigurations = (
				ADC39A4A27F1E15900361CE8 /* Debug */,
				ADC39A4B27F1E15900361CE8 /* Release */,
			);
			defaultConfigurationIsVisible = 0;
			defaultConfigurationName = Release;
		};
/* End XCConfigurationList section */
	};
	rootObject = ADC39A2A27F1E15800361CE8 /* Project object */;
}
